{
    "version": 3,
    "terraform_version": "0.11.14",
    "serial": 4,
    "lineage": "e382b9dd-3592-8365-0589-3042a91d3054",
    "modules": [
        {
            "path": [
                "root"
            ],
            "outputs": {},
            "resources": {
                "aws_dynamodb_table.currency-dynamodb-table": {
                    "type": "aws_dynamodb_table",
                    "depends_on": [],
                    "primary": {
                        "id": "Currency",
                        "attributes": {
                            "arn": "arn:aws:dynamodb:eu-west-2:680702245785:table/Currency",
                            "attribute.#": "1",
                            "attribute.4228504427.name": "id",
                            "attribute.4228504427.type": "N",
                            "billing_mode": "PAY_PER_REQUEST",
                            "global_secondary_index.#": "0",
                            "hash_key": "id",
                            "id": "Currency",
                            "local_secondary_index.#": "0",
                            "name": "Currency",
                            "point_in_time_recovery.#": "1",
                            "point_in_time_recovery.0.enabled": "false",
                            "read_capacity": "0",
                            "server_side_encryption.#": "0",
                            "stream_arn": "",
                            "stream_enabled": "false",
                            "stream_label": "",
                            "stream_view_type": "",
                            "tags.%": "1",
                            "tags.Name": "dynamodb-table-1",
                            "ttl.#": "0",
                            "write_capacity": "0"
                        },
                        "meta": {
                            "e2bfb730-ecaa-11e6-8f88-34363bc7c4c0": {
                                "create": 600000000000,
                                "delete": 600000000000,
                                "update": 3600000000000
                            },
                            "schema_version": "1"
                        },
                        "tainted": false
                    },
                    "deposed": [],
                    "provider": "provider.aws.london"
                },
                "aws_s3_bucket.sam-app": {
                    "type": "aws_s3_bucket",
                    "depends_on": [],
                    "primary": {
                        "id": "sam-app-qa",
                        "attributes": {
                            "acceleration_status": "",
                            "acl": "private",
                            "arn": "arn:aws:s3:::sam-app-qa",
                            "bucket": "sam-app-qa",
                            "bucket_domain_name": "sam-app-qa.s3.amazonaws.com",
                            "bucket_regional_domain_name": "sam-app-qa.s3.eu-west-2.amazonaws.com",
                            "cors_rule.#": "0",
                            "force_destroy": "false",
                            "hosted_zone_id": "Z3GKZC51ZF0DB4",
                            "id": "sam-app-qa",
                            "lifecycle_rule.#": "0",
                            "logging.#": "0",
                            "object_lock_configuration.#": "0",
                            "region": "eu-west-2",
                            "replication_configuration.#": "0",
                            "request_payer": "BucketOwner",
                            "server_side_encryption_configuration.#": "0",
                            "tags.%": "0",
                            "versioning.#": "1",
                            "versioning.0.enabled": "false",
                            "versioning.0.mfa_delete": "false",
                            "website.#": "0"
                        },
                        "meta": {},
                        "tainted": false
                    },
                    "deposed": [],
                    "provider": "provider.aws.london"
                },
                "aws_s3_bucket.static_website": {
                    "type": "aws_s3_bucket",
                    "depends_on": [],
                    "primary": {
                        "id": "richards-lambda-test-qa",
                        "attributes": {
                            "acceleration_status": "",
                            "acl": "private",
                            "arn": "arn:aws:s3:::richards-lambda-test-qa",
                            "bucket": "richards-lambda-test-qa",
                            "bucket_domain_name": "richards-lambda-test-qa.s3.amazonaws.com",
                            "bucket_regional_domain_name": "richards-lambda-test-qa.s3.eu-west-2.amazonaws.com",
                            "cors_rule.#": "0",
                            "force_destroy": "false",
                            "hosted_zone_id": "Z3GKZC51ZF0DB4",
                            "id": "richards-lambda-test-qa",
                            "lifecycle_rule.#": "0",
                            "logging.#": "0",
                            "object_lock_configuration.#": "0",
                            "policy": "{\"Statement\":[{\"Action\":\"s3:GetObject\",\"Effect\":\"Allow\",\"Principal\":{\"AWS\":\"*\"},\"Resource\":\"arn:aws:s3:::richards-lambda-test-qa/*\",\"Sid\":\"PublicReadForGetBucketObjects\"}],\"Version\":\"2008-10-17\"}",
                            "region": "eu-west-2",
                            "replication_configuration.#": "0",
                            "request_payer": "BucketOwner",
                            "server_side_encryption_configuration.#": "0",
                            "tags.%": "0",
                            "versioning.#": "1",
                            "versioning.0.enabled": "false",
                            "versioning.0.mfa_delete": "false",
                            "website.#": "1",
                            "website.0.error_document": "",
                            "website.0.index_document": "index.html",
                            "website.0.redirect_all_requests_to": "",
                            "website.0.routing_rules": "",
                            "website_domain": "s3-website.eu-west-2.amazonaws.com",
                            "website_endpoint": "richards-lambda-test-qa.s3-website.eu-west-2.amazonaws.com"
                        },
                        "meta": {},
                        "tainted": false
                    },
                    "deposed": [],
                    "provider": "provider.aws.london"
                }
            },
            "depends_on": []
        }
    ]
}
